// !$*UTF8*$!
{
	archiveVersion = 1;
	classes = {
	};
	objectVersion = 50;
	objects = {

/* Begin PBXBuildFile section */
		634996CB2363874E00359103 /* AppDelegate.swift in Sources */ = {isa = PBXBuildFile; fileRef = 634996CA2363874E00359103 /* AppDelegate.swift */; };
		634996CD2363874E00359103 /* ViewController.swift in Sources */ = {isa = PBXBuildFile; fileRef = 634996CC2363874E00359103 /* ViewController.swift */; };
		634996D02363874E00359103 /* Main.storyboard in Resources */ = {isa = PBXBuildFile; fileRef = 634996CE2363874E00359103 /* Main.storyboard */; };
		634996D22363874F00359103 /* Assets.xcassets in Resources */ = {isa = PBXBuildFile; fileRef = 634996D12363874F00359103 /* Assets.xcassets */; };
		634996D52363874F00359103 /* LaunchScreen.storyboard in Resources */ = {isa = PBXBuildFile; fileRef = 634996D32363874F00359103 /* LaunchScreen.storyboard */; };
		634996E02363875000359103 /* HomeownerTests.swift in Sources */ = {isa = PBXBuildFile; fileRef = 634996DF2363875000359103 /* HomeownerTests.swift */; };
		634996EB2363875000359103 /* HomeownerUITests.swift in Sources */ = {isa = PBXBuildFile; fileRef = 634996EA2363875000359103 /* HomeownerUITests.swift */; };
/* End PBXBuildFile section */

/* Begin PBXContainerItemProxy section */
		634996DC2363875000359103 /* PBXContainerItemProxy */ = {
			isa = PBXContainerItemProxy;
			containerPortal = 634996BF2363874E00359103 /* Project object */;
			proxyType = 1;
			remoteGlobalIDString = 634996C62363874E00359103;
			remoteInfo = Homeowner;
		};
		634996E72363875000359103 /* PBXContainerItemProxy */ = {
			isa = PBXContainerItemProxy;
			containerPortal = 634996BF2363874E00359103 /* Project object */;
			proxyType = 1;
			remoteGlobalIDString = 634996C62363874E00359103;
			remoteInfo = Homeowner;
		};
/* End PBXContainerItemProxy section */

/* Begin PBXFileReference section */
		634996C72363874E00359103 /* Homeowner.app */ = {isa = PBXFileReference; explicitFileType = wrapper.application; includeInIndex = 0; path = Homeowner.app; sourceTree = BUILT_PRODUCTS_DIR; };
		634996CA2363874E00359103 /* AppDelegate.swift */ = {isa = PBXFileReference; lastKnownFileType = sourcecode.swift; path = AppDelegate.swift; sourceTree = "<group>"; };
		634996CC2363874E00359103 /* ViewController.swift */ = {isa = PBXFileReference; lastKnownFileType = sourcecode.swift; path = ViewController.swift; sourceTree = "<group>"; };
		634996CF2363874E00359103 /* Base */ = {isa = PBXFileReference; lastKnownFileType = file.storyboard; name = Base; path = Base.lproj/Main.storyboard; sourceTree = "<group>"; };
		634996D12363874F00359103 /* Assets.xcassets */ = {isa = PBXFileReference; lastKnownFileType = folder.assetcatalog; path = Assets.xcassets; sourceTree = "<group>"; };
		634996D42363874F00359103 /* Base */ = {isa = PBXFileReference; lastKnownFileType = file.storyboard; name = Base; path = Base.lproj/LaunchScreen.storyboard; sourceTree = "<group>"; };
		634996D62363874F00359103 /* Info.plist */ = {isa = PBXFileReference; lastKnownFileType = text.plist.xml; path = Info.plist; sourceTree = "<group>"; };
		634996DB2363875000359103 /* HomeownerTests.xctest */ = {isa = PBXFileReference; explicitFileType = wrapper.cfbundle; includeInIndex = 0; path = HomeownerTests.xctest; sourceTree = BUILT_PRODUCTS_DIR; };
		634996DF2363875000359103 /* HomeownerTests.swift */ = {isa = PBXFileReference; lastKnownFileType = sourcecode.swift; path = HomeownerTests.swift; sourceTree = "<group>"; };
		634996E12363875000359103 /* Info.plist */ = {isa = PBXFileReference; lastKnownFileType = text.plist.xml; path = Info.plist; sourceTree = "<group>"; };
		634996E62363875000359103 /* HomeownerUITests.xctest */ = {isa = PBXFileReference; explicitFileType = wrapper.cfbundle; includeInIndex = 0; path = HomeownerUITests.xctest; sourceTree = BUILT_PRODUCTS_DIR; };
		634996EA2363875000359103 /* HomeownerUITests.swift */ = {isa = PBXFileReference; lastKnownFileType = sourcecode.swift; path = HomeownerUITests.swift; sourceTree = "<group>"; };
		634996EC2363875000359103 /* Info.plist */ = {isa = PBXFileReference; lastKnownFileType = text.plist.xml; path = Info.plist; sourceTree = "<group>"; };
/* End PBXFileReference section */

/* Begin PBXFrameworksBuildPhase section */
		634996C42363874E00359103 /* Frameworks */ = {
			isa = PBXFrameworksBuildPhase;
			buildActionMask = 2147483647;
			files = (
			);
			runOnlyForDeploymentPostprocessing = 0;
		};
		634996D82363875000359103 /* Frameworks */ = {
			isa = PBXFrameworksBuildPhase;
			buildActionMask = 2147483647;
			files = (
			);
			runOnlyForDeploymentPostprocessing = 0;
		};
		634996E32363875000359103 /* Frameworks */ = {
			isa = PBXFrameworksBuildPhase;
			buildActionMask = 2147483647;
			files = (
			);
			runOnlyForDeploymentPostprocessing = 0;
		};
/* End PBXFrameworksBuildPhase section */

/* Begin PBXGroup section */
		634996BE2363874E00359103 = {
			isa = PBXGroup;
			children = (
				634996C92363874E00359103 /* Homeowner */,
				634996DE2363875000359103 /* HomeownerTests */,
				634996E92363875000359103 /* HomeownerUITests */,
				634996C82363874E00359103 /* Products */,
			);
			sourceTree = "<group>";
		};
		634996C82363874E00359103 /* Products */ = {
			isa = PBXGroup;
			children = (
				634996C72363874E00359103 /* Homeowner.app */,
				634996DB2363875000359103 /* HomeownerTests.xctest */,
				634996E62363875000359103 /* HomeownerUITests.xctest */,
			);
			name = Products;
			sourceTree = "<group>";
		};
		634996C92363874E00359103 /* Homeowner */ = {
			isa = PBXGroup;
			children = (
				634996CA2363874E00359103 /* AppDelegate.swift */,
				634996CC2363874E00359103 /* ViewController.swift */,
				634996CE2363874E00359103 /* Main.storyboard */,
				634996D12363874F00359103 /* Assets.xcassets */,
				634996D32363874F00359103 /* LaunchScreen.storyboard */,
				634996D62363874F00359103 /* Info.plist */,
			);
			path = Homeowner;
			sourceTree = "<group>";
		};
		634996DE2363875000359103 /* HomeownerTests */ = {
			isa = PBXGroup;
			children = (
				634996DF2363875000359103 /* HomeownerTests.swift */,
				634996E12363875000359103 /* Info.plist */,
			);
			path = HomeownerTests;
			sourceTree = "<group>";
		};
		634996E92363875000359103 /* HomeownerUITests */ = {
			isa = PBXGroup;
			children = (
				634996EA2363875000359103 /* HomeownerUITests.swift */,
				634996EC2363875000359103 /* Info.plist */,
			);
			path = HomeownerUITests;
			sourceTree = "<group>";
		};
/* End PBXGroup section */

/* Begin PBXNativeTarget section */
		634996C62363874E00359103 /* Homeowner */ = {
			isa = PBXNativeTarget;
			buildConfigurationList = 634996EF2363875000359103 /* Build configuration list for PBXNativeTarget "Homeowner" */;
			buildPhases = (
				634996C32363874E00359103 /* Sources */,
				634996C42363874E00359103 /* Frameworks */,
				634996C52363874E00359103 /* Resources */,
			);
			buildRules = (
			);
			dependencies = (
			);
			name = Homeowner;
			productName = Homeowner;
			productReference = 634996C72363874E00359103 /* Homeowner.app */;
			productType = "com.apple.product-type.application";
		};
		634996DA2363875000359103 /* HomeownerTests */ = {
			isa = PBXNativeTarget;
			buildConfigurationList = 634996F22363875000359103 /* Build configuration list for PBXNativeTarget "HomeownerTests" */;
			buildPhases = (
				634996D72363875000359103 /* Sources */,
				634996D82363875000359103 /* Frameworks */,
				634996D92363875000359103 /* Resources */,
			);
			buildRules = (
			);
			dependencies = (
				634996DD2363875000359103 /* PBXTargetDependency */,
			);
			name = HomeownerTests;
			productName = HomeownerTests;
			productReference = 634996DB2363875000359103 /* HomeownerTests.xctest */;
			productType = "com.apple.product-type.bundle.unit-test";
		};
		634996E52363875000359103 /* HomeownerUITests */ = {
			isa = PBXNativeTarget;
			buildConfigurationList = 634996F52363875000359103 /* Build configuration list for PBXNativeTarget "HomeownerUITests" */;
			buildPhases = (
				634996E22363875000359103 /* Sources */,
				634996E32363875000359103 /* Frameworks */,
				634996E42363875000359103 /* Resources */,
			);
			buildRules = (
			);
			dependencies = (
				634996E82363875000359103 /* PBXTargetDependency */,
			);
			name = HomeownerUITests;
			productName = HomeownerUITests;
			productReference = 634996E62363875000359103 /* HomeownerUITests.xctest */;
			productType = "com.apple.product-type.bundle.ui-testing";
		};
/* End PBXNativeTarget section */

/* Begin PBXProject section */
		634996BF2363874E00359103 /* Project object */ = {
			isa = PBXProject;
			attributes = {
				LastSwiftUpdateCheck = 0940;
				LastUpgradeCheck = 0940;
				ORGANIZATIONNAME = "Big Nerd Ranch";
				TargetAttributes = {
					634996C62363874E00359103 = {
						CreatedOnToolsVersion = 9.4.1;
					};
					634996DA2363875000359103 = {
						CreatedOnToolsVersion = 9.4.1;
						TestTargetID = 634996C62363874E00359103;
					};
					634996E52363875000359103 = {
						CreatedOnToolsVersion = 9.4.1;
						TestTargetID = 634996C62363874E00359103;
					};
				};
			};
			buildConfigurationList = 634996C22363874E00359103 /* Build configuration list for PBXProject "Homeowner" */;
			compatibilityVersion = "Xcode 9.3";
			developmentRegion = en;
			hasScannedForEncodings = 0;
			knownRegions = (
				en,
				Base,
			);
			mainGroup = 634996BE2363874E00359103;
			productRefGroup = 634996C82363874E00359103 /* Products */;
			projectDirPath = "";
			projectRoot = "";
			targets = (
				634996C62363874E00359103 /* Homeowner */,
				634996DA2363875000359103 /* HomeownerTests */,
				634996E52363875000359103 /* HomeownerUITests */,
			);
		};
/* End PBXProject section */

/* Begin PBXResourcesBuildPhase section */
		634996C52363874E00359103 /* Resources */ = {
			isa = PBXResourcesBuildPhase;
			buildActionMask = 2147483647;
			files = (
				634996D52363874F00359103 /* LaunchScreen.storyboard in Resources */,
				634996D22363874F00359103 /* Assets.xcassets in Resources */,
				634996D02363874E00359103 /* Main.storyboard in Resources */,
			);
			runOnlyForDeploymentPostprocessing = 0;
		};
		634996D92363875000359103 /* Resources */ = {
			isa = PBXResourcesBuildPhase;
			buildActionMask = 2147483647;
			files = (
			);
			runOnlyForDeploymentPostprocessing = 0;
		};
		634996E42363875000359103 /* Resources */ = {
			isa = PBXResourcesBuildPhase;
			buildActionMask = 2147483647;
			files = (
			);
			runOnlyForDeploymentPostprocessing = 0;
		};
/* End PBXResourcesBuildPhase section */

/* Begin PBXSourcesBuildPhase section */
		634996C32363874E00359103 /* Sources */ = {
			isa = PBXSourcesBuildPhase;
			buildActionMask = 2147483647;
			files = (
				634996CD2363874E00359103 /* ViewController.swift in Sources */,
				634996CB2363874E00359103 /* AppDelegate.swift in Sources */,
			);
			runOnlyForDeploymentPostprocessing = 0;
		};
		634996D72363875000359103 /* Sources */ = {
			isa = PBXSourcesBuildPhase;
			buildActionMask = 2147483647;
			files = (
				634996E02363875000359103 /* HomeownerTests.swift in Sources */,
			);
			runOnlyForDeploymentPostprocessing = 0;
		};
		634996E22363875000359103 /* Sources */ = {
			isa = PBXSourcesBuildPhase;
			buildActionMask = 2147483647;
			files = (
				634996EB2363875000359103 /* HomeownerUITests.swift in Sources */,
			);
			runOnlyForDeploymentPostprocessing = 0;
		};
/* End PBXSourcesBuildPhase section */

/* Begin PBXTargetDependency section */
		634996DD2363875000359103 /* PBXTargetDependency */ = {
			isa = PBXTargetDependency;
			target = 634996C62363874E00359103 /* Homeowner */;
			targetProxy = 634996DC2363875000359103 /* PBXContainerItemProxy */;
		};
		634996E82363875000359103 /* PBXTargetDependency */ = {
			isa = PBXTargetDependency;
			target = 634996C62363874E00359103 /* Homeowner */;
			targetProxy = 634996E72363875000359103 /* PBXContainerItemProxy */;
		};
/* End PBXTargetDependency section */

/* Begin PBXVariantGroup section */
		634996CE2363874E00359103 /* Main.storyboard */ = {
			isa = PBXVariantGroup;
			children = (
				634996CF2363874E00359103 /* Base */,
			);
			name = Main.storyboard;
			sourceTree = "<group>";
		};
		634996D32363874F00359103 /* LaunchScreen.storyboard */ = {
			isa = PBXVariantGroup;
			children = (
				634996D42363874F00359103 /* Base */,
			);
			name = LaunchScreen.storyboard;
			sourceTree = "<group>";
		};
/* End PBXVariantGroup section */

/* Begin XCBuildConfiguration section */
		634996ED2363875000359103 /* Debug */ = {
			isa = XCBuildConfiguration;
			buildSettings = {
				ALWAYS_SEARCH_USER_PATHS = NO;
				CLANG_ANALYZER_NONNULL = YES;
				CLANG_ANALYZER_NUMBER_OBJECT_CONVERSION = YES_AGGRESSIVE;
				CLANG_CXX_LANGUAGE_STANDARD = "gnu++14";
				CLANG_CXX_LIBRARY = "libc++";
				CLANG_ENABLE_MODULES = YES;
				CLANG_ENABLE_OBJC_ARC = YES;
				CLANG_ENABLE_OBJC_WEAK = YES;
				CLANG_WARN_BLOCK_CAPTURE_AUTORELEASING = YES;
				CLANG_WARN_BOOL_CONVERSION = YES;
				CLANG_WARN_COMMA = YES;
				CLANG_WARN_CONSTANT_CONVERSION = YES;
				CLANG_WARN_DEPRECATED_OBJC_IMPLEMENTATIONS = YES;
				CLANG_WARN_DIRECT_OBJC_ISA_USAGE = YES_ERROR;
				CLANG_WARN_DOCUMENTATION_COMMENTS = YES;
				CLANG_WARN_EMPTY_BODY = YES;
				CLANG_WARN_ENUM_CONVERSION = YES;
				CLANG_WARN_INFINITE_RECURSION = YES;
				CLANG_WARN_INT_CONVERSION = YES;
				CLANG_WARN_NON_LITERAL_NULL_CONVERSION = YES;
				CLANG_WARN_OBJC_IMPLICIT_RETAIN_SELF = YES;
				CLANG_WARN_OBJC_LITERAL_CONVERSION = YES;
				CLANG_WARN_OBJC_ROOT_CLASS = YES_ERROR;
				CLANG_WARN_RANGE_LOOP_ANALYSIS = YES;
				CLANG_WARN_STRICT_PROTOTYPES = YES;
				CLANG_WARN_SUSPICIOUS_MOVE = YES;
				CLANG_WARN_UNGUARDED_AVAILABILITY = YES_AGGRESSIVE;
				CLANG_WARN_UNREACHABLE_CODE = YES;
				CLANG_WARN__DUPLICATE_METHOD_MATCH = YES;
				CODE_SIGN_IDENTITY = "iPhone Developer";
				COPY_PHASE_STRIP = NO;
				DEBUG_INFORMATION_FORMAT = dwarf;
				ENABLE_STRICT_OBJC_MSGSEND = YES;
				ENABLE_TESTABILITY = YES;
				GCC_C_LANGUAGE_STANDARD = gnu11;
				GCC_DYNAMIC_NO_PIC = NO;
				GCC_NO_COMMON_BLOCKS = YES;
				GCC_OPTIMIZATION_LEVEL = 0;
				GCC_PREPROCESSOR_DEFINITIONS = (
					"DEBUG=1",
					"$(inherited)",
				);
				GCC_WARN_64_TO_32_BIT_CONVERSION = YES;
				GCC_WARN_ABOUT_RETURN_TYPE = YES_ERROR;
				GCC_WARN_UNDECLARED_SELECTOR = YES;
				GCC_WARN_UNINITIALIZED_AUTOS = YES_AGGRESSIVE;
				GCC_WARN_UNUSED_FUNCTION = YES;
				GCC_WARN_UNUSED_VARIABLE = YES;
				IPHONEOS_DEPLOYMENT_TARGET = 11.4;
				MTL_ENABLE_DEBUG_INFO = YES;
				ONLY_ACTIVE_ARCH = YES;
				SDKROOT = iphoneos;
				SWIFT_ACTIVE_COMPILATION_CONDITIONS = DEBUG;
				SWIFT_OPTIMIZATION_LEVEL = "-Onone";
			};
			name = Debug;
		};
		634996EE2363875000359103 /* Release */ = {
			isa = XCBuildConfiguration;
			buildSettings = {
				ALWAYS_SEARCH_USER_PATHS = NO;
				CLANG_ANALYZER_NONNULL = YES;
				CLANG_ANALYZER_NUMBER_OBJECT_CONVERSION = YES_AGGRESSIVE;
				CLANG_CXX_LANGUAGE_STANDARD = "gnu++14";
				CLANG_CXX_LIBRARY = "libc++";
				CLANG_ENABLE_MODULES = YES;
				CLANG_ENABLE_OBJC_ARC = YES;
				CLANG_ENABLE_OBJC_WEAK = YES;
				CLANG_WARN_BLOCK_CAPTURE_AUTORELEASING = YES;
				CLANG_WARN_BOOL_CONVERSION = YES;
				CLANG_WARN_COMMA = YES;
				CLANG_WARN_CONSTANT_CONVERSION = YES;
				CLANG_WARN_DEPRECATED_OBJC_IMPLEMENTATIONS = YES;
				CLANG_WARN_DIRECT_OBJC_ISA_USAGE = YES_ERROR;
				CLANG_WARN_DOCUMENTATION_COMMENTS = YES;
				CLANG_WARN_EMPTY_BODY = YES;
				CLANG_WARN_ENUM_CONVERSION = YES;
				CLANG_WARN_INFINITE_RECURSION = YES;
				CLANG_WARN_INT_CONVERSION = YES;
				CLANG_WARN_NON_LITERAL_NULL_CONVERSION = YES;
				CLANG_WARN_OBJC_IMPLICIT_RETAIN_SELF = YES;
				CLANG_WARN_OBJC_LITERAL_CONVERSION = YES;
				CLANG_WARN_OBJC_ROOT_CLASS = YES_ERROR;
				CLANG_WARN_RANGE_LOOP_ANALYSIS = YES;
				CLANG_WARN_STRICT_PROTOTYPES = YES;
				CLANG_WARN_SUSPICIOUS_MOVE = YES;
				CLANG_WARN_UNGUARDED_AVAILABILITY = YES_AGGRESSIVE;
				CLANG_WARN_UNREACHABLE_CODE = YES;
				CLANG_WARN__DUPLICATE_METHOD_MATCH = YES;
				CODE_SIGN_IDENTITY = "iPhone Developer";
				COPY_PHASE_STRIP = NO;
				DEBUG_INFORMATION_FORMAT = "dwarf-with-dsym";
				ENABLE_NS_ASSERTIONS = NO;
				ENABLE_STRICT_OBJC_MSGSEND = YES;
				GCC_C_LANGUAGE_STANDARD = gnu11;
				GCC_NO_COMMON_BLOCKS = YES;
				GCC_WARN_64_TO_32_BIT_CONVERSION = YES;
				GCC_WARN_ABOUT_RETURN_TYPE = YES_ERROR;
				GCC_WARN_UNDECLARED_SELECTOR = YES;
				GCC_WARN_UNINITIALIZED_AUTOS = YES_AGGRESSIVE;
				GCC_WARN_UNUSED_FUNCTION = YES;
				GCC_WARN_UNUSED_VARIABLE = YES;
				IPHONEOS_DEPLOYMENT_TARGET = 11.4;
				MTL_ENABLE_DEBUG_INFO = NO;
				SDKROOT = iphoneos;
				SWIFT_COMPILATION_MODE = wholemodule;
				SWIFT_OPTIMIZATION_LEVEL = "-O";
				VALIDATE_PRODUCT = YES;
			};
			name = Release;
		};
		634996F02363875000359103 /* Debug */ = {
			isa = XCBuildConfiguration;
			buildSettings = {
				ASSETCATALOG_COMPILER_APPICON_NAME = AppIcon;
				CODE_SIGN_STYLE = Automatic;
				INFOPLIST_FILE = Homeowner/Info.plist;
				LD_RUNPATH_SEARCH_PATHS = (
					"$(inherited)",
					"@executable_path/Frameworks",
				);
				PRODUCT_BUNDLE_IDENTIFIER = com.bignerdranch.Homeowner;
				PRODUCT_NAME = "$(TARGET_NAME)";
				SWIFT_VERSION = 4.0;
				TARGETED_DEVICE_FAMILY = "1,2";
			};
			name = Debug;
		};
		634996F12363875000359103 /* Release */ = {
			isa = XCBuildConfiguration;
			buildSettings = {
				ASSETCATALOG_COMPILER_APPICON_NAME = AppIcon;
				CODE_SIGN_STYLE = Automatic;
				INFOPLIST_FILE = Homeowner/Info.plist;
				LD_RUNPATH_SEARCH_PATHS = (
					"$(inherited)",
					"@executable_path/Frameworks",
				);
				PRODUCT_BUNDLE_IDENTIFIER = com.bignerdranch.Homeowner;
				PRODUCT_NAME = "$(TARGET_NAME)";
				SWIFT_VERSION = 4.0;
				TARGETED_DEVICE_FAMILY = "1,2";
			};
			name = Release;
		};
		634996F32363875000359103 /* Debug */ = {
			isa = XCBuildConfiguration;
			buildSettings = {
				ALWAYS_EMBED_SWIFT_STANDARD_LIBRARIES = YES;
				BUNDLE_LOADER = "$(TEST_HOST)";
				CODE_SIGN_STYLE = Automatic;
				INFOPLIST_FILE = HomeownerTests/Info.plist;
				LD_RUNPATH_SEARCH_PATHS = (
					"$(inherited)",
					"@executable_path/Frameworks",
					"@loader_path/Frameworks",
				);
				PRODUCT_BUNDLE_IDENTIFIER = com.bignerdranch.HomeownerTests;
				PRODUCT_NAME = "$(TARGET_NAME)";
				SWIFT_VERSION = 4.0;
				TARGETED_DEVICE_FAMILY = "1,2";
				TEST_HOST = "$(BUILT_PRODUCTS_DIR)/Homeowner.app/Homeowner";
			};
			name = Debug;
		};
		634996F42363875000359103 /* Release */ = {
			isa = XCBuildConfiguration;
			buildSettings = {
				ALWAYS_EMBED_SWIFT_STANDARD_LIBRARIES = YES;
				BUNDLE_LOADER = "$(TEST_HOST)";
				CODE_SIGN_STYLE = Automatic;
				INFOPLIST_FILE = HomeownerTests/Info.plist;
				LD_RUNPATH_SEARCH_PATHS = (
					"$(inherited)",
					"@executable_path/Frameworks",
					"@loader_path/Frameworks",
				);
				PRODUCT_BUNDLE_IDENTIFIER = com.bignerdranch.HomeownerTests;
				PRODUCT_NAME = "$(TARGET_NAME)";
				SWIFT_VERSION = 4.0;
				TARGETED_DEVICE_FAMILY = "1,2";
				TEST_HOST = "$(BUILT_PRODUCTS_DIR)/Homeowner.app/Homeowner";
			};
			name = Release;
		};
		634996F62363875000359103 /* Debug */ = {
			isa = XCBuildConfiguration;
			buildSettings = {
				ALWAYS_EMBED_SWIFT_STANDARD_LIBRARIES = YES;
				CODE_SIGN_STYLE = Automatic;
				INFOPLIST_FILE = HomeownerUITests/Info.plist;
				LD_RUNPATH_SEARCH_PATHS = (
					"$(inherited)",
					"@executable_path/Frameworks",
					"@loader_path/Frameworks",
				);
				PRODUCT_BUNDLE_IDENTIFIER = com.bignerdranch.HomeownerUITests;
				PRODUCT_NAME = "$(TARGET_NAME)";
				SWIFT_VERSION = 4.0;
				TARGETED_DEVICE_FAMILY = "1,2";
				TEST_TARGET_NAME = Homeowner;
			};
			name = Debug;
		};
		634996F72363875000359103 /* Release */ = {
			isa = XCBuildConfiguration;
			buildSettings = {
				ALWAYS_EMBED_SWIFT_STANDARD_LIBRARIES = YES;
				CODE_SIGN_STYLE = Automatic;
				INFOPLIST_FILE = HomeownerUITests/Info.plist;
				LD_RUNPATH_SEARCH_PATHS = (
					"$(inherited)",
					"@executable_path/Frameworks",
					"@loader_path/Frameworks",
				);
				PRODUCT_BUNDLE_IDENTIFIER = com.bignerdranch.HomeownerUITests;
				PRODUCT_NAME = "$(TARGET_NAME)";
				SWIFT_VERSION = 4.0;
				TARGETED_DEVICE_FAMILY = "1,2";
				TEST_TARGET_NAME = Homeowner;
			};
			name = Release;
		};
/* End XCBuildConfiguration section */

/* Begin XCConfigurationList section */
		634996C22363874E00359103 /* Build configuration list for PBXProject "Homeowner" */ = {
			isa = XCConfigurationList;
			buildConfigurations = (
				634996ED2363875000359103 /* Debug */,
				634996EE2363875000359103 /* Release */,
			);
			defaultConfigurationIsVisible = 0;
			defaultConfigurationName = Release;
		};
		634996EF2363875000359103 /* Build configuration list for PBXNativeTarget "Homeowner" */ = {
			isa = XCConfigurationList;
			buildConfigurations = (
				634996F02363875000359103 /* Debug */,
				634996F12363875000359103 /* Release */,
			);
			defaultConfigurationIsVisible = 0;
			defaultConfigurationName = Release;
		};
		634996F22363875000359103 /* Build configuration list for PBXNativeTarget "HomeownerTests" */ = {
			isa = XCConfigurationList;
			buildConfigurations = (
				634996F32363875000359103 /* Debug */,
				634996F42363875000359103 /* Release */,
			);
			defaultConfigurationIsVisible = 0;
			defaultConfigurationName = Release;
		};
		634996F52363875000359103 /* Build configuration list for PBXNativeTarget "HomeownerUITests" */ = {
			isa = XCConfigurationList;
			buildConfigurations = (
				634996F62363875000359103 /* Debug */,
				634996F72363875000359103 /* Release */,
			);
			defaultConfigurationIsVisible = 0;
			defaultConfigurationName = Release;
		};
/* End XCConfigurationList section */
	};
	rootObject = 634996BF2363874E00359103 /* Project object */;
}
